
Microsoft Visual Studio Solution File, Format Version 12.00
# Visual Studio 15
VisualStudioVersion = 15.0.26124.0
MinimumVisualStudioVersion = 15.0.26124.0
Project("{2150E333-8FDC-42A3-9474-1A3956D46DE8}") = "src", "src", "{DB52748E-7F4C-4974-BF7C-9A447A20FC90}"
EndProject
Project("{FAE04EC0-301F-11D3-BF4B-00C04F79EFBC}") = "CSharpDemoClassLib", "src\CSharpDemoClassLib\CSharpDemoClassLib.csproj", "{AE3D5C71-EA2D-4B8B-809A-4DB89D2CED8A}"
EndProject
Project("{FAE04EC0-301F-11D3-BF4B-00C04F79EFBC}") = "CSharpDemoConsole", "src\CSharpDemoConsole\CSharpDemoConsole.csproj", "{F0FD8DE5-23B8-48F8-8644-3FDF08C9EDC1}"
EndProject
Project("{2150E333-8FDC-42A3-9474-1A3956D46DE8}") = "test", "test", "{4F27CE9B-6D58-4232-9178-405C40E00340}"
EndProject
Project("{FAE04EC0-301F-11D3-BF4B-00C04F79EFBC}") = "CSharpDemoTests", "test\CSharpDemoTests\CSharpDemoTests.csproj", "{DFAB3FDA-191D-4D0A-9F9C-129114403BE4}"
EndProject
Global
	GlobalSection(SolutionConfigurationPlatforms) = preSolution
		Debug|Any CPU = Debug|Any CPU
		Debug|x64 = Debug|x64
		Debug|x86 = Debug|x86
		Release|Any CPU = Release|Any CPU
		Release|x64 = Release|x64
		Release|x86 = Release|x86
	EndGlobalSection
	GlobalSection(SolutionProperties) = preSolution
		HideSolutionNode = FALSE
	EndGlobalSection
	GlobalSection(ProjectConfigurationPlatforms) = postSolution
		{AE3D5C71-EA2D-4B8B-809A-4DB89D2CED8A}.Debug|Any CPU.ActiveCfg = Debug|Any CPU
		{AE3D5C71-EA2D-4B8B-809A-4DB89D2CED8A}.Debug|Any CPU.Build.0 = Debug|Any CPU
		{AE3D5C71-EA2D-4B8B-809A-4DB89D2CED8A}.Debug|x64.ActiveCfg = Debug|x64
		{AE3D5C71-EA2D-4B8B-809A-4DB89D2CED8A}.Debug|x64.Build.0 = Debug|x64
		{AE3D5C71-EA2D-4B8B-809A-4DB89D2CED8A}.Debug|x86.ActiveCfg = Debug|x86
		{AE3D5C71-EA2D-4B8B-809A-4DB89D2CED8A}.Debug|x86.Build.0 = Debug|x86
		{AE3D5C71-EA2D-4B8B-809A-4DB89D2CED8A}.Release|Any CPU.ActiveCfg = Release|Any CPU
		{AE3D5C71-EA2D-4B8B-809A-4DB89D2CED8A}.Release|Any CPU.Build.0 = Release|Any CPU
		{AE3D5C71-EA2D-4B8B-809A-4DB89D2CED8A}.Release|x64.ActiveCfg = Release|x64
		{AE3D5C71-EA2D-4B8B-809A-4DB89D2CED8A}.Release|x64.Build.0 = Release|x64
		{AE3D5C71-EA2D-4B8B-809A-4DB89D2CED8A}.Release|x86.ActiveCfg = Release|x86
		{AE3D5C71-EA2D-4B8B-809A-4DB89D2CED8A}.Release|x86.Build.0 = Release|x86
		{F0FD8DE5-23B8-48F8-8644-3FDF08C9EDC1}.Debug|Any CPU.ActiveCfg = Debug|Any CPU
		{F0FD8DE5-23B8-48F8-8644-3FDF08C9EDC1}.Debug|Any CPU.Build.0 = Debug|Any CPU
		{F0FD8DE5-23B8-48F8-8644-3FDF08C9EDC1}.Debug|x64.ActiveCfg = Debug|x64
		{F0FD8DE5-23B8-48F8-8644-3FDF08C9EDC1}.Debug|x64.Build.0 = Debug|x64
		{F0FD8DE5-23B8-48F8-8644-3FDF08C9EDC1}.Debug|x86.ActiveCfg = Debug|x86
		{F0FD8DE5-23B8-48F8-8644-3FDF08C9EDC1}.Debug|x86.Build.0 = Debug|x86
		{F0FD8DE5-23B8-48F8-8644-3FDF08C9EDC1}.Release|Any CPU.ActiveCfg = Release|Any CPU
		{F0FD8DE5-23B8-48F8-8644-3FDF08C9EDC1}.Release|Any CPU.Build.0 = Release|Any CPU
		{F0FD8DE5-23B8-48F8-8644-3FDF08C9EDC1}.Release|x64.ActiveCfg = Release|x64
		{F0FD8DE5-23B8-48F8-8644-3FDF08C9EDC1}.Release|x64.Build.0 = Release|x64
		{F0FD8DE5-23B8-48F8-8644-3FDF08C9EDC1}.Release|x86.ActiveCfg = Release|x86
		{F0FD8DE5-23B8-48F8-8644-3FDF08C9EDC1}.Release|x86.Build.0 = Release|x86
		{DFAB3FDA-191D-4D0A-9F9C-129114403BE4}.Debug|Any CPU.ActiveCfg = Debug|Any CPU
		{DFAB3FDA-191D-4D0A-9F9C-129114403BE4}.Debug|Any CPU.Build.0 = Debug|Any CPU
		{DFAB3FDA-191D-4D0A-9F9C-129114403BE4}.Debug|x64.ActiveCfg = Debug|x64
		{DFAB3FDA-191D-4D0A-9F9C-129114403BE4}.Debug|x64.Build.0 = Debug|x64
		{DFAB3FDA-191D-4D0A-9F9C-129114403BE4}.Debug|x86.ActiveCfg = Debug|x86
		{DFAB3FDA-191D-4D0A-9F9C-129114403BE4}.Debug|x86.Build.0 = Debug|x86
		{DFAB3FDA-191D-4D0A-9F9C-129114403BE4}.Release|Any CPU.ActiveCfg = Release|Any CPU
		{DFAB3FDA-191D-4D0A-9F9C-129114403BE4}.Release|Any CPU.Build.0 = Release|Any CPU
		{DFAB3FDA-191D-4D0A-9F9C-129114403BE4}.Release|x64.ActiveCfg = Release|x64
		{DFAB3FDA-191D-4D0A-9F9C-129114403BE4}.Release|x64.Build.0 = Release|x64
		{DFAB3FDA-191D-4D0A-9F9C-129114403BE4}.Release|x86.ActiveCfg = Release|x86
		{DFAB3FDA-191D-4D0A-9F9C-129114403BE4}.Release|x86.Build.0 = Release|x86
	EndGlobalSection
	GlobalSection(NestedProjects) = preSolution
		{AE3D5C71-EA2D-4B8B-809A-4DB89D2CED8A} = {DB52748E-7F4C-4974-BF7C-9A447A20FC90}
		{F0FD8DE5-23B8-48F8-8644-3FDF08C9EDC1} = {DB52748E-7F4C-4974-BF7C-9A447A20FC90}
		{DFAB3FDA-191D-4D0A-9F9C-129114403BE4} = {4F27CE9B-6D58-4232-9178-405C40E00340}
	EndGlobalSection
EndGlobal
